// !$*UTF8*$!
{
	archiveVersion = 1;
	classes = {
	};
	objectVersion = 46;
	objects = {

/* Begin PBXBuildFile section */
		35320F721ED67CBD00BE3032 /* AvatarImageView.m in Sources */ = {isa = PBXBuildFile; fileRef = 35320F711ED67CBD00BE3032 /* AvatarImageView.m */; };
		355761A31EC1BD0B0000F9F0 /* AppDelegate.swift in Sources */ = {isa = PBXBuildFile; fileRef = 355761A21EC1BD0B0000F9F0 /* AppDelegate.swift */; };
		355761A51EC1BD0B0000F9F0 /* ViewController.swift in Sources */ = {isa = PBXBuildFile; fileRef = 355761A41EC1BD0B0000F9F0 /* ViewController.swift */; };
		355761A81EC1BD0B0000F9F0 /* Main.storyboard in Resources */ = {isa = PBXBuildFile; fileRef = 355761A61EC1BD0B0000F9F0 /* Main.storyboard */; };
		355761AA1EC1BD0B0000F9F0 /* Assets.xcassets in Resources */ = {isa = PBXBuildFile; fileRef = 355761A91EC1BD0B0000F9F0 /* Assets.xcassets */; };
		355761AD1EC1BD0B0000F9F0 /* LaunchScreen.storyboard in Resources */ = {isa = PBXBuildFile; fileRef = 355761AB1EC1BD0B0000F9F0 /* LaunchScreen.storyboard */; };
		355761E71EC1BD1C0000F9F0 /* addressCode in Resources */ = {isa = PBXBuildFile; fileRef = 355761B71EC1BD1C0000F9F0 /* addressCode */; };
		355761E81EC1BD1C0000F9F0 /* area.plist in Resources */ = {isa = PBXBuildFile; fileRef = 355761B81EC1BD1C0000F9F0 /* area.plist */; };
		355761E91EC1BD1C0000F9F0 /* AreaPickerView.swift in Sources */ = {isa = PBXBuildFile; fileRef = 355761B91EC1BD1C0000F9F0 /* AreaPickerView.swift */; };
		355761EA1EC1BD1C0000F9F0 /* AreaToolbar.swift in Sources */ = {isa = PBXBuildFile; fileRef = 355761BA1EC1BD1C0000F9F0 /* AreaToolbar.swift */; };
		355761EB1EC1BD1C0000F9F0 /* Location.swift in Sources */ = {isa = PBXBuildFile; fileRef = 355761BB1EC1BD1C0000F9F0 /* Location.swift */; };
		355761EC1EC1BD1C0000F9F0 /* BaseTextView.swift in Sources */ = {isa = PBXBuildFile; fileRef = 355761BD1EC1BD1C0000F9F0 /* BaseTextView.swift */; };
		355761ED1EC1BD1C0000F9F0 /* CommentTextView.swift in Sources */ = {isa = PBXBuildFile; fileRef = 355761BF1EC1BD1C0000F9F0 /* CommentTextView.swift */; };
		355761EE1EC1BD1C0000F9F0 /* CustomButton.swift in Sources */ = {isa = PBXBuildFile; fileRef = 355761C11EC1BD1C0000F9F0 /* CustomButton.swift */; };
		355761EF1EC1BD1C0000F9F0 /* SelectedButton.swift in Sources */ = {isa = PBXBuildFile; fileRef = 355761C21EC1BD1C0000F9F0 /* SelectedButton.swift */; };
		355761F01EC1BD1C0000F9F0 /* BaseTextField.swift in Sources */ = {isa = PBXBuildFile; fileRef = 355761C41EC1BD1C0000F9F0 /* BaseTextField.swift */; };
		355761F11EC1BD1C0000F9F0 /* CustomTextfield.swift in Sources */ = {isa = PBXBuildFile; fileRef = 355761C51EC1BD1C0000F9F0 /* CustomTextfield.swift */; };
		355761F21EC1BD1C0000F9F0 /* CustomNumPick.swift in Sources */ = {isa = PBXBuildFile; fileRef = 355761C71EC1BD1C0000F9F0 /* CustomNumPick.swift */; };
		355761F31EC1BD1C0000F9F0 /* CycleView.swift in Sources */ = {isa = PBXBuildFile; fileRef = 355761C91EC1BD1C0000F9F0 /* CycleView.swift */; };
		355761F41EC1BD1C0000F9F0 /* CellFooterView.swift in Sources */ = {isa = PBXBuildFile; fileRef = 355761CB1EC1BD1C0000F9F0 /* CellFooterView.swift */; };
		355761F51EC1BD1C0000F9F0 /* CellHeaderView.swift in Sources */ = {isa = PBXBuildFile; fileRef = 355761CC1EC1BD1C0000F9F0 /* CellHeaderView.swift */; };
		355761F61EC1BD1C0000F9F0 /* KeyWordLabel.swift in Sources */ = {isa = PBXBuildFile; fileRef = 355761CE1EC1BD1C0000F9F0 /* KeyWordLabel.swift */; };
		355761F71EC1BD1C0000F9F0 /* PriceLabel.swift in Sources */ = {isa = PBXBuildFile; fileRef = 355761D01EC1BD1C0000F9F0 /* PriceLabel.swift */; };
		355761F81EC1BD1C0000F9F0 /* SubCommentView.swift in Sources */ = {isa = PBXBuildFile; fileRef = 355761D21EC1BD1C0000F9F0 /* SubCommentView.swift */; };
		355761F91EC1BD1C0000F9F0 /* CoachContentView.swift in Sources */ = {isa = PBXBuildFile; fileRef = 355761D51EC1BD1C0000F9F0 /* CoachContentView.swift */; };
		355761FA1EC1BD1C0000F9F0 /* CoachTitleView.swift in Sources */ = {isa = PBXBuildFile; fileRef = 355761D61EC1BD1C0000F9F0 /* CoachTitleView.swift */; };
		355761FB1EC1BD1C0000F9F0 /* VerticalButton.swift in Sources */ = {isa = PBXBuildFile; fileRef = 355761D81EC1BD1C0000F9F0 /* VerticalButton.swift */; };
		355761FC1EC1BD1C0000F9F0 /* bundle+extension.swift in Sources */ = {isa = PBXBuildFile; fileRef = 355761DA1EC1BD1C0000F9F0 /* bundle+extension.swift */; };
		355761FD1EC1BD1C0000F9F0 /* Date+Extension.swift in Sources */ = {isa = PBXBuildFile; fileRef = 355761DB1EC1BD1C0000F9F0 /* Date+Extension.swift */; };
		355761FE1EC1BD1C0000F9F0 /* String+Extension.swift in Sources */ = {isa = PBXBuildFile; fileRef = 355761DC1EC1BD1C0000F9F0 /* String+Extension.swift */; };
		355761FF1EC1BD1C0000F9F0 /* UIBarButtonItem+Extension.swift in Sources */ = {isa = PBXBuildFile; fileRef = 355761DD1EC1BD1C0000F9F0 /* UIBarButtonItem+Extension.swift */; };
		355762001EC1BD1C0000F9F0 /* UIColor+Extension.swift in Sources */ = {isa = PBXBuildFile; fileRef = 355761DE1EC1BD1C0000F9F0 /* UIColor+Extension.swift */; };
		355762011EC1BD1C0000F9F0 /* UILabel+Extension.swift in Sources */ = {isa = PBXBuildFile; fileRef = 355761DF1EC1BD1C0000F9F0 /* UILabel+Extension.swift */; };
		355762021EC1BD1C0000F9F0 /* UIView+Extension.swift in Sources */ = {isa = PBXBuildFile; fileRef = 355761E01EC1BD1C0000F9F0 /* UIView+Extension.swift */; };
		355762031EC1BD1C0000F9F0 /* PrintModelList.swift in Sources */ = {isa = PBXBuildFile; fileRef = 355761E21EC1BD1C0000F9F0 /* PrintModelList.swift */; };
		355762041EC1BD1C0000F9F0 /* BaseModel.swift in Sources */ = {isa = PBXBuildFile; fileRef = 355761E41EC1BD1C0000F9F0 /* BaseModel.swift */; };
		355762051EC1BD1C0000F9F0 /* NetWorkManager.swift in Sources */ = {isa = PBXBuildFile; fileRef = 355761E61EC1BD1C0000F9F0 /* NetWorkManager.swift */; };
		35D7F6691ED43AA700EAC2A5 /* Device+extension.swift in Sources */ = {isa = PBXBuildFile; fileRef = 35D7F6681ED43AA700EAC2A5 /* Device+extension.swift */; };
		35FAC9491ED80971004E9FBA /* Int+extension.swift in Sources */ = {isa = PBXBuildFile; fileRef = 35FAC9481ED80971004E9FBA /* Int+extension.swift */; };
/* End PBXBuildFile section */

/* Begin PBXFileReference section */
		35320F701ED67CBD00BE3032 /* AvatarImageView.h */ = {isa = PBXFileReference; fileEncoding = 4; lastKnownFileType = sourcecode.c.h; path = AvatarImageView.h; sourceTree = "<group>"; };
		35320F711ED67CBD00BE3032 /* AvatarImageView.m */ = {isa = PBXFileReference; fileEncoding = 4; lastKnownFileType = sourcecode.c.objc; path = AvatarImageView.m; sourceTree = "<group>"; };
		3557619F1EC1BD0B0000F9F0 /* ToolProject.app */ = {isa = PBXFileReference; explicitFileType = wrapper.application; includeInIndex = 0; path = ToolProject.app; sourceTree = BUILT_PRODUCTS_DIR; };
		355761A21EC1BD0B0000F9F0 /* AppDelegate.swift */ = {isa = PBXFileReference; lastKnownFileType = sourcecode.swift; path = AppDelegate.swift; sourceTree = "<group>"; };
		355761A41EC1BD0B0000F9F0 /* ViewController.swift */ = {isa = PBXFileReference; lastKnownFileType = sourcecode.swift; path = ViewController.swift; sourceTree = "<group>"; };
		355761A71EC1BD0B0000F9F0 /* Base */ = {isa = PBXFileReference; lastKnownFileType = file.storyboard; name = Base; path = Base.lproj/Main.storyboard; sourceTree = "<group>"; };
		355761A91EC1BD0B0000F9F0 /* Assets.xcassets */ = {isa = PBXFileReference; lastKnownFileType = folder.assetcatalog; path = Assets.xcassets; sourceTree = "<group>"; };
		355761AC1EC1BD0B0000F9F0 /* Base */ = {isa = PBXFileReference; lastKnownFileType = file.storyboard; name = Base; path = Base.lproj/LaunchScreen.storyboard; sourceTree = "<group>"; };
		355761AE1EC1BD0B0000F9F0 /* Info.plist */ = {isa = PBXFileReference; lastKnownFileType = text.plist.xml; path = Info.plist; sourceTree = "<group>"; };
		355761B71EC1BD1C0000F9F0 /* addressCode */ = {isa = PBXFileReference; fileEncoding = 4; lastKnownFileType = text; path = addressCode; sourceTree = "<group>"; };
		355761B81EC1BD1C0000F9F0 /* area.plist */ = {isa = PBXFileReference; fileEncoding = 4; lastKnownFileType = text.plist.xml; path = area.plist; sourceTree = "<group>"; };
		355761B91EC1BD1C0000F9F0 /* AreaPickerView.swift */ = {isa = PBXFileReference; fileEncoding = 4; lastKnownFileType = sourcecode.swift; path = AreaPickerView.swift; sourceTree = "<group>"; };
		355761BA1EC1BD1C0000F9F0 /* AreaToolbar.swift */ = {isa = PBXFileReference; fileEncoding = 4; lastKnownFileType = sourcecode.swift; path = AreaToolbar.swift; sourceTree = "<group>"; };
		355761BB1EC1BD1C0000F9F0 /* Location.swift */ = {isa = PBXFileReference; fileEncoding = 4; lastKnownFileType = sourcecode.swift; path = Location.swift; sourceTree = "<group>"; };
		355761BD1EC1BD1C0000F9F0 /* BaseTextView.swift */ = {isa = PBXFileReference; fileEncoding = 4; lastKnownFileType = sourcecode.swift; path = BaseTextView.swift; sourceTree = "<group>"; };
		355761BF1EC1BD1C0000F9F0 /* CommentTextView.swift */ = {isa = PBXFileReference; fileEncoding = 4; lastKnownFileType = sourcecode.swift; path = CommentTextView.swift; sourceTree = "<group>"; };
		355761C11EC1BD1C0000F9F0 /* CustomButton.swift */ = {isa = PBXFileReference; fileEncoding = 4; lastKnownFileType = sourcecode.swift; path = CustomButton.swift; sourceTree = "<group>"; };
		355761C21EC1BD1C0000F9F0 /* SelectedButton.swift */ = {isa = PBXFileReference; fileEncoding = 4; lastKnownFileType = sourcecode.swift; path = SelectedButton.swift; sourceTree = "<group>"; };
		355761C41EC1BD1C0000F9F0 /* BaseTextField.swift */ = {isa = PBXFileReference; fileEncoding = 4; lastKnownFileType = sourcecode.swift; path = BaseTextField.swift; sourceTree = "<group>"; };
		355761C51EC1BD1C0000F9F0 /* CustomTextfield.swift */ = {isa = PBXFileReference; fileEncoding = 4; lastKnownFileType = sourcecode.swift; path = CustomTextfield.swift; sourceTree = "<group>"; };
		355761C71EC1BD1C0000F9F0 /* CustomNumPick.swift */ = {isa = PBXFileReference; fileEncoding = 4; lastKnownFileType = sourcecode.swift; path = CustomNumPick.swift; sourceTree = "<group>"; };
		355761C91EC1BD1C0000F9F0 /* CycleView.swift */ = {isa = PBXFileReference; fileEncoding = 4; lastKnownFileType = sourcecode.swift; path = CycleView.swift; sourceTree = "<group>"; };
		355761CB1EC1BD1C0000F9F0 /* CellFooterView.swift */ = {isa = PBXFileReference; fileEncoding = 4; lastKnownFileType = sourcecode.swift; path = CellFooterView.swift; sourceTree = "<group>"; };
		355761CC1EC1BD1C0000F9F0 /* CellHeaderView.swift */ = {isa = PBXFileReference; fileEncoding = 4; lastKnownFileType = sourcecode.swift; path = CellHeaderView.swift; sourceTree = "<group>"; };
		355761CE1EC1BD1C0000F9F0 /* KeyWordLabel.swift */ = {isa = PBXFileReference; fileEncoding = 4; lastKnownFileType = sourcecode.swift; path = KeyWordLabel.swift; sourceTree = "<group>"; };
		355761D01EC1BD1C0000F9F0 /* PriceLabel.swift */ = {isa = PBXFileReference; fileEncoding = 4; lastKnownFileType = sourcecode.swift; path = PriceLabel.swift; sourceTree = "<group>"; };
		355761D21EC1BD1C0000F9F0 /* SubCommentView.swift */ = {isa = PBXFileReference; fileEncoding = 4; lastKnownFileType = sourcecode.swift; path = SubCommentView.swift; sourceTree = "<group>"; };
		355761D51EC1BD1C0000F9F0 /* CoachContentView.swift */ = {isa = PBXFileReference; fileEncoding = 4; lastKnownFileType = sourcecode.swift; path = CoachContentView.swift; sourceTree = "<group>"; };
		355761D61EC1BD1C0000F9F0 /* CoachTitleView.swift */ = {isa = PBXFileReference; fileEncoding = 4; lastKnownFileType = sourcecode.swift; path = CoachTitleView.swift; sourceTree = "<group>"; };
		355761D81EC1BD1C0000F9F0 /* VerticalButton.swift */ = {isa = PBXFileReference; fileEncoding = 4; lastKnownFileType = sourcecode.swift; path = VerticalButton.swift; sourceTree = "<group>"; };
		355761DA1EC1BD1C0000F9F0 /* bundle+extension.swift */ = {isa = PBXFileReference; fileEncoding = 4; lastKnownFileType = sourcecode.swift; path = "bundle+extension.swift"; sourceTree = "<group>"; };
		355761DB1EC1BD1C0000F9F0 /* Date+Extension.swift */ = {isa = PBXFileReference; fileEncoding = 4; lastKnownFileType = sourcecode.swift; path = "Date+Extension.swift"; sourceTree = "<group>"; };
		355761DC1EC1BD1C0000F9F0 /* String+Extension.swift */ = {isa = PBXFileReference; fileEncoding = 4; lastKnownFileType = sourcecode.swift; path = "String+Extension.swift"; sourceTree = "<group>"; };
		355761DD1EC1BD1C0000F9F0 /* UIBarButtonItem+Extension.swift */ = {isa = PBXFileReference; fileEncoding = 4; lastKnownFileType = sourcecode.swift; path = "UIBarButtonItem+Extension.swift"; sourceTree = "<group>"; };
		355761DE1EC1BD1C0000F9F0 /* UIColor+Extension.swift */ = {isa = PBXFileReference; fileEncoding = 4; lastKnownFileType = sourcecode.swift; path = "UIColor+Extension.swift"; sourceTree = "<group>"; };
		355761DF1EC1BD1C0000F9F0 /* UILabel+Extension.swift */ = {isa = PBXFileReference; fileEncoding = 4; lastKnownFileType = sourcecode.swift; path = "UILabel+Extension.swift"; sourceTree = "<group>"; };
		355761E01EC1BD1C0000F9F0 /* UIView+Extension.swift */ = {isa = PBXFileReference; fileEncoding = 4; lastKnownFileType = sourcecode.swift; path = "UIView+Extension.swift"; sourceTree = "<group>"; };
		355761E21EC1BD1C0000F9F0 /* PrintModelList.swift */ = {isa = PBXFileReference; fileEncoding = 4; lastKnownFileType = sourcecode.swift; path = PrintModelList.swift; sourceTree = "<group>"; };
		355761E41EC1BD1C0000F9F0 /* BaseModel.swift */ = {isa = PBXFileReference; fileEncoding = 4; lastKnownFileType = sourcecode.swift; path = BaseModel.swift; sourceTree = "<group>"; };
		355761E61EC1BD1C0000F9F0 /* NetWorkManager.swift */ = {isa = PBXFileReference; fileEncoding = 4; lastKnownFileType = sourcecode.swift; path = NetWorkManager.swift; sourceTree = "<group>"; };
		35D7F6681ED43AA700EAC2A5 /* Device+extension.swift */ = {isa = PBXFileReference; fileEncoding = 4; lastKnownFileType = sourcecode.swift; path = "Device+extension.swift"; sourceTree = "<group>"; };
		35FAC9481ED80971004E9FBA /* Int+extension.swift */ = {isa = PBXFileReference; fileEncoding = 4; lastKnownFileType = sourcecode.swift; path = "Int+extension.swift"; sourceTree = "<group>"; };
/* End PBXFileReference section */

/* Begin PBXFrameworksBuildPhase section */
		3557619C1EC1BD0B0000F9F0 /* Frameworks */ = {
			isa = PBXFrameworksBuildPhase;
			buildActionMask = 2147483647;
			files = (
			);
			runOnlyForDeploymentPostprocessing = 0;
		};
/* End PBXFrameworksBuildPhase section */

/* Begin PBXGroup section */
		35320F6F1ED67CBD00BE3032 /* AvatarImageView */ = {
			isa = PBXGroup;
			children = (
				35320F701ED67CBD00BE3032 /* AvatarImageView.h */,
				35320F711ED67CBD00BE3032 /* AvatarImageView.m */,
			);
			path = AvatarImageView;
			sourceTree = "<group>";
		};
		355761961EC1BD0B0000F9F0 = {
			isa = PBXGroup;
			children = (
				355761B41EC1BD1C0000F9F0 /* Tool */,
				355761A11EC1BD0B0000F9F0 /* ToolProject */,
				355761A01EC1BD0B0000F9F0 /* Products */,
			);
			sourceTree = "<group>";
		};
		355761A01EC1BD0B0000F9F0 /* Products */ = {
			isa = PBXGroup;
			children = (
				3557619F1EC1BD0B0000F9F0 /* ToolProject.app */,
			);
			name = Products;
			sourceTree = "<group>";
		};
		355761A11EC1BD0B0000F9F0 /* ToolProject */ = {
			isa = PBXGroup;
			children = (
				355761A21EC1BD0B0000F9F0 /* AppDelegate.swift */,
				355761A41EC1BD0B0000F9F0 /* ViewController.swift */,
				355761A61EC1BD0B0000F9F0 /* Main.storyboard */,
				355761A91EC1BD0B0000F9F0 /* Assets.xcassets */,
				355761AB1EC1BD0B0000F9F0 /* LaunchScreen.storyboard */,
				355761AE1EC1BD0B0000F9F0 /* Info.plist */,
			);
			path = ToolProject;
			sourceTree = "<group>";
		};
		355761B41EC1BD1C0000F9F0 /* Tool */ = {
			isa = PBXGroup;
			children = (
				355761B51EC1BD1C0000F9F0 /* CustomView */,
				355761D91EC1BD1C0000F9F0 /* Extension */,
				355761E11EC1BD1C0000F9F0 /* Help */,
				355761E31EC1BD1C0000F9F0 /* JsonModel */,
				355761E51EC1BD1C0000F9F0 /* NetWorkManager */,
			);
			path = Tool;
			sourceTree = "<group>";
		};
		355761B51EC1BD1C0000F9F0 /* CustomView */ = {
			isa = PBXGroup;
			children = (
				35320F6F1ED67CBD00BE3032 /* AvatarImageView */,
				355761B61EC1BD1C0000F9F0 /* AreaPickerView */,
				355761BC1EC1BD1C0000F9F0 /* BaseTextView */,
				355761BE1EC1BD1C0000F9F0 /* CommentTextView */,
				355761C01EC1BD1C0000F9F0 /* CustomButton */,
				355761C31EC1BD1C0000F9F0 /* CustomeTextfield */,
				355761C61EC1BD1C0000F9F0 /* CustomNumerPick */,
				355761C81EC1BD1C0000F9F0 /* CycleView */,
				355761CA1EC1BD1C0000F9F0 /* FuckView */,
				355761CD1EC1BD1C0000F9F0 /* KeyWordLabel */,
				355761CF1EC1BD1C0000F9F0 /* PriceLabel */,
				355761D11EC1BD1C0000F9F0 /* SubCommentView */,
				355761D31EC1BD1C0000F9F0 /* TapTableView */,
				355761D41EC1BD1C0000F9F0 /* TitleAndContentView */,
				355761D71EC1BD1C0000F9F0 /* VerticalButton */,
			);
			path = CustomView;
			sourceTree = "<group>";
		};
		355761B61EC1BD1C0000F9F0 /* AreaPickerView */ = {
			isa = PBXGroup;
			children = (
				355761B71EC1BD1C0000F9F0 /* addressCode */,
				355761B81EC1BD1C0000F9F0 /* area.plist */,
				355761B91EC1BD1C0000F9F0 /* AreaPickerView.swift */,
				355761BA1EC1BD1C0000F9F0 /* AreaToolbar.swift */,
				355761BB1EC1BD1C0000F9F0 /* Location.swift */,
			);
			path = AreaPickerView;
			sourceTree = "<group>";
		};
		355761BC1EC1BD1C0000F9F0 /* BaseTextView */ = {
			isa = PBXGroup;
			children = (
				355761BD1EC1BD1C0000F9F0 /* BaseTextView.swift */,
			);
			path = BaseTextView;
			sourceTree = "<group>";
		};
		355761BE1EC1BD1C0000F9F0 /* CommentTextView */ = {
			isa = PBXGroup;
			children = (
				355761BF1EC1BD1C0000F9F0 /* CommentTextView.swift */,
			);
			path = CommentTextView;
			sourceTree = "<group>";
		};
		355761C01EC1BD1C0000F9F0 /* CustomButton */ = {
			isa = PBXGroup;
			children = (
				355761C11EC1BD1C0000F9F0 /* CustomButton.swift */,
				355761C21EC1BD1C0000F9F0 /* SelectedButton.swift */,
			);
			path = CustomButton;
			sourceTree = "<group>";
		};
		355761C31EC1BD1C0000F9F0 /* CustomeTextfield */ = {
			isa = PBXGroup;
			children = (
				355761C41EC1BD1C0000F9F0 /* BaseTextField.swift */,
				355761C51EC1BD1C0000F9F0 /* CustomTextfield.swift */,
			);
			path = CustomeTextfield;
			sourceTree = "<group>";
		};
		355761C61EC1BD1C0000F9F0 /* CustomNumerPick */ = {
			isa = PBXGroup;
			children = (
				355761C71EC1BD1C0000F9F0 /* CustomNumPick.swift */,
			);
			path = CustomNumerPick;
			sourceTree = "<group>";
		};
		355761C81EC1BD1C0000F9F0 /* CycleView */ = {
			isa = PBXGroup;
			children = (
				355761C91EC1BD1C0000F9F0 /* CycleView.swift */,
			);
			path = CycleView;
			sourceTree = "<group>";
		};
		355761CA1EC1BD1C0000F9F0 /* FuckView */ = {
			isa = PBXGroup;
			children = (
				355761CB1EC1BD1C0000F9F0 /* CellFooterView.swift */,
				355761CC1EC1BD1C0000F9F0 /* CellHeaderView.swift */,
			);
			path = FuckView;
			sourceTree = "<group>";
		};
		355761CD1EC1BD1C0000F9F0 /* KeyWordLabel */ = {
			isa = PBXGroup;
			children = (
				355761CE1EC1BD1C0000F9F0 /* KeyWordLabel.swift */,
			);
			path = KeyWordLabel;
			sourceTree = "<group>";
		};
		355761CF1EC1BD1C0000F9F0 /* PriceLabel */ = {
			isa = PBXGroup;
			children = (
				355761D01EC1BD1C0000F9F0 /* PriceLabel.swift */,
			);
			path = PriceLabel;
			sourceTree = "<group>";
		};
		355761D11EC1BD1C0000F9F0 /* SubCommentView */ = {
			isa = PBXGroup;
			children = (
				355761D21EC1BD1C0000F9F0 /* SubCommentView.swift */,
			);
			path = SubCommentView;
			sourceTree = "<group>";
		};
		355761D31EC1BD1C0000F9F0 /* TapTableView */ = {
			isa = PBXGroup;
			children = (
			);
			path = TapTableView;
			sourceTree = "<group>";
		};
		355761D41EC1BD1C0000F9F0 /* TitleAndContentView */ = {
			isa = PBXGroup;
			children = (
				355761D51EC1BD1C0000F9F0 /* CoachContentView.swift */,
				355761D61EC1BD1C0000F9F0 /* CoachTitleView.swift */,
			);
			path = TitleAndContentView;
			sourceTree = "<group>";
		};
		355761D71EC1BD1C0000F9F0 /* VerticalButton */ = {
			isa = PBXGroup;
			children = (
				355761D81EC1BD1C0000F9F0 /* VerticalButton.swift */,
			);
			path = VerticalButton;
			sourceTree = "<group>";
		};
		355761D91EC1BD1C0000F9F0 /* Extension */ = {
			isa = PBXGroup;
			children = (
				35FAC9481ED80971004E9FBA /* Int+extension.swift */,
				35D7F6681ED43AA700EAC2A5 /* Device+extension.swift */,
				355761DA1EC1BD1C0000F9F0 /* bundle+extension.swift */,
				355761DB1EC1BD1C0000F9F0 /* Date+Extension.swift */,
				355761DC1EC1BD1C0000F9F0 /* String+Extension.swift */,
				355761DD1EC1BD1C0000F9F0 /* UIBarButtonItem+Extension.swift */,
				355761DE1EC1BD1C0000F9F0 /* UIColor+Extension.swift */,
				355761DF1EC1BD1C0000F9F0 /* UILabel+Extension.swift */,
				355761E01EC1BD1C0000F9F0 /* UIView+Extension.swift */,
			);
			path = Extension;
			sourceTree = "<group>";
		};
		355761E11EC1BD1C0000F9F0 /* Help */ = {
			isa = PBXGroup;
			children = (
				355761E21EC1BD1C0000F9F0 /* PrintModelList.swift */,
			);
			path = Help;
			sourceTree = "<group>";
		};
		355761E31EC1BD1C0000F9F0 /* JsonModel */ = {
			isa = PBXGroup;
			children = (
				355761E41EC1BD1C0000F9F0 /* BaseModel.swift */,
			);
			path = JsonModel;
			sourceTree = "<group>";
		};
		355761E51EC1BD1C0000F9F0 /* NetWorkManager */ = {
			isa = PBXGroup;
			children = (
				355761E61EC1BD1C0000F9F0 /* NetWorkManager.swift */,
			);
			path = NetWorkManager;
			sourceTree = "<group>";
		};
/* End PBXGroup section */

/* Begin PBXNativeTarget section */
		3557619E1EC1BD0B0000F9F0 /* ToolProject */ = {
			isa = PBXNativeTarget;
			buildConfigurationList = 355761B11EC1BD0B0000F9F0 /* Build configuration list for PBXNativeTarget "ToolProject" */;
			buildPhases = (
				3557619B1EC1BD0B0000F9F0 /* Sources */,
				3557619C1EC1BD0B0000F9F0 /* Frameworks */,
				3557619D1EC1BD0B0000F9F0 /* Resources */,
			);
			buildRules = (
			);
			dependencies = (
			);
			name = ToolProject;
			productName = ToolProject;
			productReference = 3557619F1EC1BD0B0000F9F0 /* ToolProject.app */;
			productType = "com.apple.product-type.application";
		};
/* End PBXNativeTarget section */

/* Begin PBXProject section */
		355761971EC1BD0B0000F9F0 /* Project object */ = {
			isa = PBXProject;
			attributes = {
				LastSwiftUpdateCheck = 0830;
				LastUpgradeCheck = 0830;
				ORGANIZATIONNAME = "我是五高你敢信";
				TargetAttributes = {
					3557619E1EC1BD0B0000F9F0 = {
						CreatedOnToolsVersion = 8.3.2;
						DevelopmentTeam = VP672269SN;
						ProvisioningStyle = Automatic;
					};
				};
			};
			buildConfigurationList = 3557619A1EC1BD0B0000F9F0 /* Build configuration list for PBXProject "ToolProject" */;
			compatibilityVersion = "Xcode 3.2";
			developmentRegion = English;
			hasScannedForEncodings = 0;
			knownRegions = (
				en,
				Base,
			);
			mainGroup = 355761961EC1BD0B0000F9F0;
			productRefGroup = 355761A01EC1BD0B0000F9F0 /* Products */;
			projectDirPath = "";
			projectRoot = "";
			targets = (
				3557619E1EC1BD0B0000F9F0 /* ToolProject */,
			);
		};
/* End PBXProject section */

/* Begin PBXResourcesBuildPhase section */
		3557619D1EC1BD0B0000F9F0 /* Resources */ = {
			isa = PBXResourcesBuildPhase;
			buildActionMask = 2147483647;
			files = (
				355761E71EC1BD1C0000F9F0 /* addressCode in Resources */,
				355761E81EC1BD1C0000F9F0 /* area.plist in Resources */,
				355761AD1EC1BD0B0000F9F0 /* LaunchScreen.storyboard in Resources */,
				355761AA1EC1BD0B0000F9F0 /* Assets.xcassets in Resources */,
				355761A81EC1BD0B0000F9F0 /* Main.storyboard in Resources */,
			);
			runOnlyForDeploymentPostprocessing = 0;
		};
/* End PBXResourcesBuildPhase section */

/* Begin PBXSourcesBuildPhase section */
		3557619B1EC1BD0B0000F9F0 /* Sources */ = {
			isa = PBXSourcesBuildPhase;
			buildActionMask = 2147483647;
			files = (
				355761EA1EC1BD1C0000F9F0 /* AreaToolbar.swift in Sources */,
				35320F721ED67CBD00BE3032 /* AvatarImageView.m in Sources */,
				355762031EC1BD1C0000F9F0 /* PrintModelList.swift in Sources */,
				355761F51EC1BD1C0000F9F0 /* CellHeaderView.swift in Sources */,
				355761FF1EC1BD1C0000F9F0 /* UIBarButtonItem+Extension.swift in Sources */,
				355761FB1EC1BD1C0000F9F0 /* VerticalButton.swift in Sources */,
				355761FC1EC1BD1C0000F9F0 /* bundle+extension.swift in Sources */,
				355761F61EC1BD1C0000F9F0 /* KeyWordLabel.swift in Sources */,
				355761ED1EC1BD1C0000F9F0 /* CommentTextView.swift in Sources */,
				355761FD1EC1BD1C0000F9F0 /* Date+Extension.swift in Sources */,
				35D7F6691ED43AA700EAC2A5 /* Device+extension.swift in Sources */,
				355761F01EC1BD1C0000F9F0 /* BaseTextField.swift in Sources */,
				355761A51EC1BD0B0000F9F0 /* ViewController.swift in Sources */,
				355761F21EC1BD1C0000F9F0 /* CustomNumPick.swift in Sources */,
				355761F11EC1BD1C0000F9F0 /* CustomTextfield.swift in Sources */,
				355761EC1EC1BD1C0000F9F0 /* BaseTextView.swift in Sources */,
				355761EF1EC1BD1C0000F9F0 /* SelectedButton.swift in Sources */,
				355761FA1EC1BD1C0000F9F0 /* CoachTitleView.swift in Sources */,
				355761F31EC1BD1C0000F9F0 /* CycleView.swift in Sources */,
				355762051EC1BD1C0000F9F0 /* NetWorkManager.swift in Sources */,
				355761EE1EC1BD1C0000F9F0 /* CustomButton.swift in Sources */,
				355762011EC1BD1C0000F9F0 /* UILabel+Extension.swift in Sources */,
				355761FE1EC1BD1C0000F9F0 /* String+Extension.swift in Sources */,
				355761F91EC1BD1C0000F9F0 /* CoachContentView.swift in Sources */,
				355761F71EC1BD1C0000F9F0 /* PriceLabel.swift in Sources */,
				355761F81EC1BD1C0000F9F0 /* SubCommentView.swift in Sources */,
				355762021EC1BD1C0000F9F0 /* UIView+Extension.swift in Sources */,
				35FAC9491ED80971004E9FBA /* Int+extension.swift in Sources */,
				355762041EC1BD1C0000F9F0 /* BaseModel.swift in Sources */,
				355761EB1EC1BD1C0000F9F0 /* Location.swift in Sources */,
				355761F41EC1BD1C0000F9F0 /* CellFooterView.swift in Sources */,
				355762001EC1BD1C0000F9F0 /* UIColor+Extension.swift in Sources */,
				355761E91EC1BD1C0000F9F0 /* AreaPickerView.swift in Sources */,
				355761A31EC1BD0B0000F9F0 /* AppDelegate.swift in Sources */,
			);
			runOnlyForDeploymentPostprocessing = 0;
		};
/* End PBXSourcesBuildPhase section */

/* Begin PBXVariantGroup section */
		355761A61EC1BD0B0000F9F0 /* Main.storyboard */ = {
			isa = PBXVariantGroup;
			children = (
				355761A71EC1BD0B0000F9F0 /* Base */,
			);
			name = Main.storyboard;
			sourceTree = "<group>";
		};
		355761AB1EC1BD0B0000F9F0 /* LaunchScreen.storyboard */ = {
			isa = PBXVariantGroup;
			children = (
				355761AC1EC1BD0B0000F9F0 /* Base */,
			);
			name = LaunchScreen.storyboard;
			sourceTree = "<group>";
		};
/* End PBXVariantGroup section */

/* Begin XCBuildConfiguration section */
		355761AF1EC1BD0B0000F9F0 /* Debug */ = {
			isa = XCBuildConfiguration;
			buildSettings = {
				ALWAYS_SEARCH_USER_PATHS = NO;
				CLANG_ANALYZER_NONNULL = YES;
				CLANG_ANALYZER_NUMBER_OBJECT_CONVERSION = YES_AGGRESSIVE;
				CLANG_CXX_LANGUAGE_STANDARD = "gnu++0x";
				CLANG_CXX_LIBRARY = "libc++";
				CLANG_ENABLE_MODULES = YES;
				CLANG_ENABLE_OBJC_ARC = YES;
				CLANG_WARN_BOOL_CONVERSION = YES;
				CLANG_WARN_CONSTANT_CONVERSION = YES;
				CLANG_WARN_DIRECT_OBJC_ISA_USAGE = YES_ERROR;
				CLANG_WARN_DOCUMENTATION_COMMENTS = YES;
				CLANG_WARN_EMPTY_BODY = YES;
				CLANG_WARN_ENUM_CONVERSION = YES;
				CLANG_WARN_INFINITE_RECURSION = YES;
				CLANG_WARN_INT_CONVERSION = YES;
				CLANG_WARN_OBJC_ROOT_CLASS = YES_ERROR;
				CLANG_WARN_SUSPICIOUS_MOVE = YES;
				CLANG_WARN_UNREACHABLE_CODE = YES;
				CLANG_WARN__DUPLICATE_METHOD_MATCH = YES;
				"CODE_SIGN_IDENTITY[sdk=iphoneos*]" = "iPhone Developer";
				COPY_PHASE_STRIP = NO;
				DEBUG_INFORMATION_FORMAT = dwarf;
				ENABLE_STRICT_OBJC_MSGSEND = YES;
				ENABLE_TESTABILITY = YES;
				GCC_C_LANGUAGE_STANDARD = gnu99;
				GCC_DYNAMIC_NO_PIC = NO;
				GCC_NO_COMMON_BLOCKS = YES;
				GCC_OPTIMIZATION_LEVEL = 0;
				GCC_PREPROCESSOR_DEFINITIONS = (
					"DEBUG=1",
					"$(inherited)",
				);
				GCC_WARN_64_TO_32_BIT_CONVERSION = YES;
				GCC_WARN_ABOUT_RETURN_TYPE = YES_ERROR;
				GCC_WARN_UNDECLARED_SELECTOR = YES;
				GCC_WARN_UNINITIALIZED_AUTOS = YES_AGGRESSIVE;
				GCC_WARN_UNUSED_FUNCTION = YES;
				GCC_WARN_UNUSED_VARIABLE = YES;
				IPHONEOS_DEPLOYMENT_TARGET = 10.3;
				MTL_ENABLE_DEBUG_INFO = YES;
				ONLY_ACTIVE_ARCH = YES;
				SDKROOT = iphoneos;
				SWIFT_ACTIVE_COMPILATION_CONDITIONS = DEBUG;
				SWIFT_OPTIMIZATION_LEVEL = "-Onone";
			};
			name = Debug;
		};
		355761B01EC1BD0B0000F9F0 /* Release */ = {
			isa = XCBuildConfiguration;
			buildSettings = {
				ALWAYS_SEARCH_USER_PATHS = NO;
				CLANG_ANALYZER_NONNULL = YES;
				CLANG_ANALYZER_NUMBER_OBJECT_CONVERSION = YES_AGGRESSIVE;
				CLANG_CXX_LANGUAGE_STANDARD = "gnu++0x";
				CLANG_CXX_LIBRARY = "libc++";
				CLANG_ENABLE_MODULES = YES;
				CLANG_ENABLE_OBJC_ARC = YES;
				CLANG_WARN_BOOL_CONVERSION = YES;
				CLANG_WARN_CONSTANT_CONVERSION = YES;
				CLANG_WARN_DIRECT_OBJC_ISA_USAGE = YES_ERROR;
				CLANG_WARN_DOCUMENTATION_COMMENTS = YES;
				CLANG_WARN_EMPTY_BODY = YES;
				CLANG_WARN_ENUM_CONVERSION = YES;
				CLANG_WARN_INFINITE_RECURSION = YES;
				CLANG_WARN_INT_CONVERSION = YES;
				CLANG_WARN_OBJC_ROOT_CLASS = YES_ERROR;
				CLANG_WARN_SUSPICIOUS_MOVE = YES;
				CLANG_WARN_UNREACHABLE_CODE = YES;
				CLANG_WARN__DUPLICATE_METHOD_MATCH = YES;
				"CODE_SIGN_IDENTITY[sdk=iphoneos*]" = "iPhone Developer";
				COPY_PHASE_STRIP = NO;
				DEBUG_INFORMATION_FORMAT = "dwarf-with-dsym";
				ENABLE_NS_ASSERTIONS = NO;
				ENABLE_STRICT_OBJC_MSGSEND = YES;
				GCC_C_LANGUAGE_STANDARD = gnu99;
				GCC_NO_COMMON_BLOCKS = YES;
				GCC_WARN_64_TO_32_BIT_CONVERSION = YES;
				GCC_WARN_ABOUT_RETURN_TYPE = YES_ERROR;
				GCC_WARN_UNDECLARED_SELECTOR = YES;
				GCC_WARN_UNINITIALIZED_AUTOS = YES_AGGRESSIVE;
				GCC_WARN_UNUSED_FUNCTION = YES;
				GCC_WARN_UNUSED_VARIABLE = YES;
				IPHONEOS_DEPLOYMENT_TARGET = 10.3;
				MTL_ENABLE_DEBUG_INFO = NO;
				SDKROOT = iphoneos;
				SWIFT_OPTIMIZATION_LEVEL = "-Owholemodule";
				VALIDATE_PRODUCT = YES;
			};
			name = Release;
		};
		355761B21EC1BD0B0000F9F0 /* Debug */ = {
			isa = XCBuildConfiguration;
			buildSettings = {
				ASSETCATALOG_COMPILER_APPICON_NAME = AppIcon;
				DEVELOPMENT_TEAM = VP672269SN;
				INFOPLIST_FILE = ToolProject/Info.plist;
				LD_RUNPATH_SEARCH_PATHS = "$(inherited) @executable_path/Frameworks";
				PRODUCT_BUNDLE_IDENTIFIER = Hasdasd.ToolProject;
				PRODUCT_NAME = "$(TARGET_NAME)";
				SWIFT_VERSION = 3.0;
			};
			name = Debug;
		};
		355761B31EC1BD0B0000F9F0 /* Release */ = {
			isa = XCBuildConfiguration;
			buildSettings = {
				ASSETCATALOG_COMPILER_APPICON_NAME = AppIcon;
				DEVELOPMENT_TEAM = VP672269SN;
				INFOPLIST_FILE = ToolProject/Info.plist;
				LD_RUNPATH_SEARCH_PATHS = "$(inherited) @executable_path/Frameworks";
				PRODUCT_BUNDLE_IDENTIFIER = Hasdasd.ToolProject;
				PRODUCT_NAME = "$(TARGET_NAME)";
				SWIFT_VERSION = 3.0;
			};
			name = Release;
		};
/* End XCBuildConfiguration section */

/* Begin XCConfigurationList section */
		3557619A1EC1BD0B0000F9F0 /* Build configuration list for PBXProject "ToolProject" */ = {
			isa = XCConfigurationList;
			buildConfigurations = (
				355761AF1EC1BD0B0000F9F0 /* Debug */,
				355761B01EC1BD0B0000F9F0 /* Release */,
			);
			defaultConfigurationIsVisible = 0;
			defaultConfigurationName = Release;
		};
		355761B11EC1BD0B0000F9F0 /* Build configuration list for PBXNativeTarget "ToolProject" */ = {
			isa = XCConfigurationList;
			buildConfigurations = (
				355761B21EC1BD0B0000F9F0 /* Debug */,
				355761B31EC1BD0B0000F9F0 /* Release */,
			);
			defaultConfigurationIsVisible = 0;
			defaultConfigurationName = Release;
		};
/* End XCConfigurationList section */
	};
	rootObject = 355761971EC1BD0B0000F9F0 /* Project object */;
}
